{
  "name": "hugo",
  "lockfileVersion": 2,
  "requires": true,
  "packages": {
    "": {
      "dependencies": {
        "hyperlist": "^1.0.0",
        "leaflet": "^1.9.1",
        "leaflet.fullscreen": "^2.4.0",
        "leaflet.locatecontrol": "^0.76.1",
        "screenfull": "^5.2.0"
      }
    },
    "node_modules/hyperlist": {
      "version": "1.0.0",
      "resolved": "https://registry.npmjs.org/hyperlist/-/hyperlist-1.0.0.tgz",
      "integrity": "sha512-1qAjO29EJW/mPyqY+9wFjruD2YWur1dPsPYmt9RvMX6P+8Cr2UmT75MCWjjK+1/4Jxc3sm/G3Kr8DzGgEDRG+Q=="
    },
    "node_modules/leaflet": {
      "version": "1.9.1",
      "resolved": "https://registry.npmjs.org/leaflet/-/leaflet-1.9.1.tgz",
      "integrity": "sha512-5FcDAMTLAuOq0RisQQbTFatl8Sl4bM0gMrBfuHbl7CYbYJv45BfCS8oU3T644MLjleBq1Ncq541QEA1pqUGTFA=="
    },
    "node_modules/leaflet.fullscreen": {
      "version": "2.4.0",
      "resolved": "https://registry.npmjs.org/leaflet.fullscreen/-/leaflet.fullscreen-2.4.0.tgz",
      "integrity": "sha512-41O0ikdUR0bVC0QfoFN3W5S+9yoeHqL74i0QQafa/W79+ij/G7IRZwpfwPuxoNwpydoUJ/9Mq/6Hp7WZOnkWzQ=="
    },
    "node_modules/leaflet.locatecontrol": {
      "version": "0.76.1",
      "resolved": "https://registry.npmjs.org/leaflet.locatecontrol/-/leaflet.locatecontrol-0.76.1.tgz",
      "integrity": "sha512-qA92Mxs2N1jgVx+EdmxtDrdzFD+f2llPJbqaKvmW1epZMSIvD6KNsBjpQYUIxz4XtJkOleqRSwWQcrm5P5NnYw=="
    },
    "node_modules/screenfull": {
      "version": "5.2.0",
      "resolved": "https://registry.npmjs.org/screenfull/-/screenfull-5.2.0.tgz",
      "integrity": "sha512-9BakfsO2aUQN2K9Fdbj87RJIEZ82Q9IGim7FqM5OsebfoFC6ZHXgDq/KvniuLTPdeM8wY2o6Dj3WQ7KeQCj3cA==",
      "engines": {
        "node": ">=0.10.0"
      },
      "funding": {
        "url": "https://github.com/sponsors/sindresorhus"
      }
    }
  },
  "dependencies": {
    "hyperlist": {
      "version": "1.0.0",
      "resolved": "https://registry.npmjs.org/hyperlist/-/hyperlist-1.0.0.tgz",
      "integrity": "sha512-1qAjO29EJW/mPyqY+9wFjruD2YWur1dPsPYmt9RvMX6P+8Cr2UmT75MCWjjK+1/4Jxc3sm/G3Kr8DzGgEDRG+Q=="
    },
    "leaflet": {
      "version": "1.9.1",
      "resolved": "https://registry.npmjs.org/leaflet/-/leaflet-1.9.1.tgz",
      "integrity": "sha512-5FcDAMTLAuOq0RisQQbTFatl8Sl4bM0gMrBfuHbl7CYbYJv45BfCS8oU3T644MLjleBq1Ncq541QEA1pqUGTFA=="
    },
    "leaflet.fullscreen": {
      "version": "2.4.0",
      "resolved": "https://registry.npmjs.org/leaflet.fullscreen/-/leaflet.fullscreen-2.4.0.tgz",
      "integrity": "sha512-41O0ikdUR0bVC0QfoFN3W5S+9yoeHqL74i0QQafa/W79+ij/G7IRZwpfwPuxoNwpydoUJ/9Mq/6Hp7WZOnkWzQ=="
    },
    "leaflet.locatecontrol": {
      "version": "0.76.1",
      "resolved": "https://registry.npmjs.org/leaflet.locatecontrol/-/leaflet.locatecontrol-0.76.1.tgz",
      "integrity": "sha512-qA92Mxs2N1jgVx+EdmxtDrdzFD+f2llPJbqaKvmW1epZMSIvD6KNsBjpQYUIxz4XtJkOleqRSwWQcrm5P5NnYw=="
    },
    "screenfull": {
      "version": "5.2.0",
      "resolved": "https://registry.npmjs.org/screenfull/-/screenfull-5.2.0.tgz",
      "integrity": "sha512-9BakfsO2aUQN2K9Fdbj87RJIEZ82Q9IGim7FqM5OsebfoFC6ZHXgDq/KvniuLTPdeM8wY2o6Dj3WQ7KeQCj3cA=="
    }
  }
}
