{
  "name": "hugo",
  "lockfileVersion": 2,
  "requires": true,
  "packages": {
    "": {
      "dependencies": {
        "@turf/boolean-point-in-polygon": "^6.5.0",
        "@turf/helpers": "^6.5.0",
        "hyperlist": "^1.0.0",
        "leaflet": "^1.9.4",
        "leaflet.fullscreen": "^3.0.0",
        "leaflet.locatecontrol": "^0.79.0"
      }
    },
    "node_modules/@turf/boolean-point-in-polygon": {
      "version": "6.5.0",
      "resolved": "https://registry.npmjs.org/@turf/boolean-point-in-polygon/-/boolean-point-in-polygon-6.5.0.tgz",
      "integrity": "sha512-DtSuVFB26SI+hj0SjrvXowGTUCHlgevPAIsukssW6BG5MlNSBQAo70wpICBNJL6RjukXg8d2eXaAWuD/CqL00A==",
      "dependencies": {
        "@turf/helpers": "^6.5.0",
        "@turf/invariant": "^6.5.0"
      },
      "funding": {
        "url": "https://opencollective.com/turf"
      }
    },
    "node_modules/@turf/helpers": {
      "version": "6.5.0",
      "resolved": "https://registry.npmjs.org/@turf/helpers/-/helpers-6.5.0.tgz",
      "integrity": "sha512-VbI1dV5bLFzohYYdgqwikdMVpe7pJ9X3E+dlr425wa2/sMJqYDhTO++ec38/pcPvPE6oD9WEEeU3Xu3gza+VPw==",
      "funding": {
        "url": "https://opencollective.com/turf"
      }
    },
    "node_modules/@turf/invariant": {
      "version": "6.5.0",
      "resolved": "https://registry.npmjs.org/@turf/invariant/-/invariant-6.5.0.tgz",
      "integrity": "sha512-Wv8PRNCtPD31UVbdJE/KVAWKe7l6US+lJItRR/HOEW3eh+U/JwRCSUl/KZ7bmjM/C+zLNoreM2TU6OoLACs4eg==",
      "dependencies": {
        "@turf/helpers": "^6.5.0"
      },
      "funding": {
        "url": "https://opencollective.com/turf"
      }
    },
    "node_modules/hyperlist": {
      "version": "1.0.0",
      "resolved": "https://registry.npmjs.org/hyperlist/-/hyperlist-1.0.0.tgz",
      "integrity": "sha512-1qAjO29EJW/mPyqY+9wFjruD2YWur1dPsPYmt9RvMX6P+8Cr2UmT75MCWjjK+1/4Jxc3sm/G3Kr8DzGgEDRG+Q=="
    },
    "node_modules/leaflet": {
      "version": "1.9.4",
      "resolved": "https://registry.npmjs.org/leaflet/-/leaflet-1.9.4.tgz",
      "integrity": "sha512-nxS1ynzJOmOlHp+iL3FyWqK89GtNL8U8rvlMOsQdTTssxZwCXh8N2NB3GDQOL+YR3XnWyZAxwQixURb+FA74PA=="
    },
    "node_modules/leaflet.fullscreen": {
      "version": "3.0.0",
      "resolved": "https://registry.npmjs.org/leaflet.fullscreen/-/leaflet.fullscreen-3.0.0.tgz",
      "integrity": "sha512-81wWSUXz1ZtdneR0v5eJDWXUSx+Zo5J50WXWeydG/UcILfIEAgz/iOjZSi3p00Z9MJ/FC/P5i3CgdYuEAos0yQ=="
    },
    "node_modules/leaflet.locatecontrol": {
      "version": "0.79.0",
      "resolved": "https://registry.npmjs.org/leaflet.locatecontrol/-/leaflet.locatecontrol-0.79.0.tgz",
      "integrity": "sha512-h64QIHFkypYdr90lkSfjKvPvvk8/b8UnP3m9WuoWdp5p2AaCWC0T1NVwyuj4rd5U4fBW3tQt4ppmZ2LceHMIDg=="
    }
  },
  "dependencies": {
    "@turf/boolean-point-in-polygon": {
      "version": "6.5.0",
      "resolved": "https://registry.npmjs.org/@turf/boolean-point-in-polygon/-/boolean-point-in-polygon-6.5.0.tgz",
      "integrity": "sha512-DtSuVFB26SI+hj0SjrvXowGTUCHlgevPAIsukssW6BG5MlNSBQAo70wpICBNJL6RjukXg8d2eXaAWuD/CqL00A==",
      "requires": {
        "@turf/helpers": "^6.5.0",
        "@turf/invariant": "^6.5.0"
      }
    },
    "@turf/helpers": {
      "version": "6.5.0",
      "resolved": "https://registry.npmjs.org/@turf/helpers/-/helpers-6.5.0.tgz",
      "integrity": "sha512-VbI1dV5bLFzohYYdgqwikdMVpe7pJ9X3E+dlr425wa2/sMJqYDhTO++ec38/pcPvPE6oD9WEEeU3Xu3gza+VPw=="
    },
    "@turf/invariant": {
      "version": "6.5.0",
      "resolved": "https://registry.npmjs.org/@turf/invariant/-/invariant-6.5.0.tgz",
      "integrity": "sha512-Wv8PRNCtPD31UVbdJE/KVAWKe7l6US+lJItRR/HOEW3eh+U/JwRCSUl/KZ7bmjM/C+zLNoreM2TU6OoLACs4eg==",
      "requires": {
        "@turf/helpers": "^6.5.0"
      }
    },
    "hyperlist": {
      "version": "1.0.0",
      "resolved": "https://registry.npmjs.org/hyperlist/-/hyperlist-1.0.0.tgz",
      "integrity": "sha512-1qAjO29EJW/mPyqY+9wFjruD2YWur1dPsPYmt9RvMX6P+8Cr2UmT75MCWjjK+1/4Jxc3sm/G3Kr8DzGgEDRG+Q=="
    },
    "leaflet": {
      "version": "1.9.4",
      "resolved": "https://registry.npmjs.org/leaflet/-/leaflet-1.9.4.tgz",
      "integrity": "sha512-nxS1ynzJOmOlHp+iL3FyWqK89GtNL8U8rvlMOsQdTTssxZwCXh8N2NB3GDQOL+YR3XnWyZAxwQixURb+FA74PA=="
    },
    "leaflet.fullscreen": {
      "version": "3.0.0",
      "resolved": "https://registry.npmjs.org/leaflet.fullscreen/-/leaflet.fullscreen-3.0.0.tgz",
      "integrity": "sha512-81wWSUXz1ZtdneR0v5eJDWXUSx+Zo5J50WXWeydG/UcILfIEAgz/iOjZSi3p00Z9MJ/FC/P5i3CgdYuEAos0yQ=="
    },
    "leaflet.locatecontrol": {
      "version": "0.79.0",
      "resolved": "https://registry.npmjs.org/leaflet.locatecontrol/-/leaflet.locatecontrol-0.79.0.tgz",
      "integrity": "sha512-h64QIHFkypYdr90lkSfjKvPvvk8/b8UnP3m9WuoWdp5p2AaCWC0T1NVwyuj4rd5U4fBW3tQt4ppmZ2LceHMIDg=="
    }
  }
}
